
Microsoft Visual Studio Solution File, Format Version 12.00
# Visual Studio Version 16
VisualStudioVersion = 16.0.34114.132
MinimumVisualStudioVersion = 10.0.40219.1
Project("{8BC9CEB8-8B4A-11D0-8D11-00A0C91BC942}") = "Alpha", "LSMproject\LSMproject.vcxproj", "{CC7A853F-960E-42D1-944F-D65F3EEBB71C}"
EndProject
Project("{8BC9CEB8-8B4A-11D0-8D11-00A0C91BC942}") = "Clang_0", "Clang_0\Clang_0.vcxproj", "{8571D7D9-AC60-4BA7-AFB6-ED167E57A905}"
EndProject
Project("{8BC9CEB8-8B4A-11D0-8D11-00A0C91BC942}") = "Clang_1", "Clang_1\Clang_1.vcxproj", "{6769D68A-7530-4C76-A099-BBFD62F1223B}"
EndProject
Project("{2150E333-8FDC-42A3-9474-1A3956D46DE8}") = "Clang", "Clang", "{26EC955C-8EED-4B4E-A82B-E8E922B31DAF}"
EndProject
Project("{2150E333-8FDC-42A3-9474-1A3956D46DE8}") = "C++", "C++", "{21F88D65-9116-4A74-B820-AE7E8EB858BD}"
EndProject
Project("{8BC9CEB8-8B4A-11D0-8D11-00A0C91BC942}") = "PointNode", "PointNode\PointNode.vcxproj", "{A581FAB6-3658-4F3D-B5A9-BBEFEFEA7ECF}"
EndProject
Project("{8BC9CEB8-8B4A-11D0-8D11-00A0C91BC942}") = "Queue_0", "Queue_0\Queue_0.vcxproj", "{9F671290-F0CD-4DFC-96B7-E81101481EFF}"
EndProject
Project("{8BC9CEB8-8B4A-11D0-8D11-00A0C91BC942}") = "Queue_1", "Queue_1\Queue_1.vcxproj", "{7537FF68-894E-4F96-BB42-FF3D4EB42984}"
EndProject
Project("{8BC9CEB8-8B4A-11D0-8D11-00A0C91BC942}") = "Stack_0", "Stack_0\Stack_0.vcxproj", "{0DF48DE2-97B2-44FE-AFEE-95E36699DA83}"
EndProject
Project("{8BC9CEB8-8B4A-11D0-8D11-00A0C91BC942}") = "Stack_1", "Stack_1\Stack_1.vcxproj", "{A4135641-99BF-4FBF-9EF8-C9DD2C2F4841}"
EndProject
Project("{8BC9CEB8-8B4A-11D0-8D11-00A0C91BC942}") = "NestedClass", "NestedClass\NestedClass.vcxproj", "{75972227-59F9-4CD9-81AE-E2AA167232E6}"
EndProject
Project("{8BC9CEB8-8B4A-11D0-8D11-00A0C91BC942}") = "LinkList_noClassStruct", "LinkList_noClassStruct\LinkList_noClassStruct.vcxproj", "{8B0714A0-1D8D-4365-A785-382516510A15}"
EndProject
Project("{8BC9CEB8-8B4A-11D0-8D11-00A0C91BC942}") = "LinkListStruct", "LinkListStruct\LinkListStruct.vcxproj", "{798E2201-CA4E-499B-A757-30EFD9A79680}"
EndProject
Project("{8BC9CEB8-8B4A-11D0-8D11-00A0C91BC942}") = "LinkListClass", "LinkListClass\LinkListClass.vcxproj", "{8876EDC7-F592-4B04-8853-423DBC41BCD9}"
EndProject
Project("{8BC9CEB8-8B4A-11D0-8D11-00A0C91BC942}") = "CLang_2", "CLang_2\CLang_2.vcxproj", "{20BC0FD4-98D8-4D37-B2DB-415193C9D85D}"
EndProject
Project("{8BC9CEB8-8B4A-11D0-8D11-00A0C91BC942}") = "CLang_3", "CLang_3\CLang_3.vcxproj", "{C31D4B0C-2203-494D-B583-A24B948DF2F5}"
EndProject
Project("{8BC9CEB8-8B4A-11D0-8D11-00A0C91BC942}") = "CLang_4", "CLang_4\CLang_4.vcxproj", "{99F5F37B-ECC2-445F-8E65-2CB19391C559}"
EndProject
Project("{8BC9CEB8-8B4A-11D0-8D11-00A0C91BC942}") = "Queue_2", "Queue_2\Queue_2.vcxproj", "{F13A71F1-D9E0-4CF6-A648-C7987BEF3430}"
EndProject
Project("{8BC9CEB8-8B4A-11D0-8D11-00A0C91BC942}") = "Queue_3", "Queue_3\Queue_3.vcxproj", "{37C849CF-87D4-4C9A-AB16-44C7D96CBFD4}"
EndProject
Project("{8BC9CEB8-8B4A-11D0-8D11-00A0C91BC942}") = "Queue_4", "Queue_4\Queue_4.vcxproj", "{4A5A5940-3A9A-48F6-9FEB-45B643D52926}"
EndProject
Project("{8BC9CEB8-8B4A-11D0-8D11-00A0C91BC942}") = "LSMProjects", "LSMProjects\LSMProjects.vcxproj", "{C1533EA3-38AC-47D3-B5CD-525D00D35161}"
EndProject
Project("{2150E333-8FDC-42A3-9474-1A3956D46DE8}") = "window", "window", "{B2DBCADC-A51B-4A00-A8AA-68071882A9F3}"
EndProject
Project("{8BC9CEB8-8B4A-11D0-8D11-00A0C91BC942}") = "window_0", "window_0\window_0.vcxproj", "{085F4B22-4430-480A-AB1C-D4B29F111EC5}"
EndProject
Project("{8BC9CEB8-8B4A-11D0-8D11-00A0C91BC942}") = "window_1", "window_1\window_1.vcxproj", "{B4BFC210-7E71-4A88-B128-FAEB836BC80E}"
EndProject
Project("{8BC9CEB8-8B4A-11D0-8D11-00A0C91BC942}") = "vector_class", "vector_class\vector_class.vcxproj", "{035760AE-129E-42C2-99BA-C7A533E06907}"
EndProject
Project("{8BC9CEB8-8B4A-11D0-8D11-00A0C91BC942}") = "LinkListTemplate", "LinkListTemplate\LinkListTemplate.vcxproj", "{F388379E-DEF2-459C-96E8-C76E166CB5FF}"
EndProject
Project("{8BC9CEB8-8B4A-11D0-8D11-00A0C91BC942}") = "stl_List_0", "stl_List_0\stl_List_0.vcxproj", "{74AC25C4-7DF2-4D54-B3AC-B878A86E1ED4}"
EndProject
Project("{2150E333-8FDC-42A3-9474-1A3956D46DE8}") = "NewFolder1", "NewFolder1", "{E3451C27-0158-4534-88E4-6C38C4A7C639}"
EndProject
Global
	GlobalSection(SolutionConfigurationPlatforms) = preSolution
		Debug|x64 = Debug|x64
		Debug|x86 = Debug|x86
		Release|x64 = Release|x64
		Release|x86 = Release|x86
	EndGlobalSection
	GlobalSection(ProjectConfigurationPlatforms) = postSolution
		{CC7A853F-960E-42D1-944F-D65F3EEBB71C}.Debug|x64.ActiveCfg = Debug|x64
		{CC7A853F-960E-42D1-944F-D65F3EEBB71C}.Debug|x64.Build.0 = Debug|x64
		{CC7A853F-960E-42D1-944F-D65F3EEBB71C}.Debug|x86.ActiveCfg = Debug|Win32
		{CC7A853F-960E-42D1-944F-D65F3EEBB71C}.Debug|x86.Build.0 = Debug|Win32
		{CC7A853F-960E-42D1-944F-D65F3EEBB71C}.Release|x64.ActiveCfg = Release|x64
		{CC7A853F-960E-42D1-944F-D65F3EEBB71C}.Release|x64.Build.0 = Release|x64
		{CC7A853F-960E-42D1-944F-D65F3EEBB71C}.Release|x86.ActiveCfg = Release|Win32
		{CC7A853F-960E-42D1-944F-D65F3EEBB71C}.Release|x86.Build.0 = Release|Win32
		{8571D7D9-AC60-4BA7-AFB6-ED167E57A905}.Debug|x64.ActiveCfg = Debug|x64
		{8571D7D9-AC60-4BA7-AFB6-ED167E57A905}.Debug|x64.Build.0 = Debug|x64
		{8571D7D9-AC60-4BA7-AFB6-ED167E57A905}.Debug|x86.ActiveCfg = Debug|Win32
		{8571D7D9-AC60-4BA7-AFB6-ED167E57A905}.Debug|x86.Build.0 = Debug|Win32
		{8571D7D9-AC60-4BA7-AFB6-ED167E57A905}.Release|x64.ActiveCfg = Release|x64
		{8571D7D9-AC60-4BA7-AFB6-ED167E57A905}.Release|x64.Build.0 = Release|x64
		{8571D7D9-AC60-4BA7-AFB6-ED167E57A905}.Release|x86.ActiveCfg = Release|Win32
		{8571D7D9-AC60-4BA7-AFB6-ED167E57A905}.Release|x86.Build.0 = Release|Win32
		{6769D68A-7530-4C76-A099-BBFD62F1223B}.Debug|x64.ActiveCfg = Debug|x64
		{6769D68A-7530-4C76-A099-BBFD62F1223B}.Debug|x64.Build.0 = Debug|x64
		{6769D68A-7530-4C76-A099-BBFD62F1223B}.Debug|x86.ActiveCfg = Debug|Win32
		{6769D68A-7530-4C76-A099-BBFD62F1223B}.Debug|x86.Build.0 = Debug|Win32
		{6769D68A-7530-4C76-A099-BBFD62F1223B}.Release|x64.ActiveCfg = Release|x64
		{6769D68A-7530-4C76-A099-BBFD62F1223B}.Release|x64.Build.0 = Release|x64
		{6769D68A-7530-4C76-A099-BBFD62F1223B}.Release|x86.ActiveCfg = Release|Win32
		{6769D68A-7530-4C76-A099-BBFD62F1223B}.Release|x86.Build.0 = Release|Win32
		{A581FAB6-3658-4F3D-B5A9-BBEFEFEA7ECF}.Debug|x64.ActiveCfg = Debug|x64
		{A581FAB6-3658-4F3D-B5A9-BBEFEFEA7ECF}.Debug|x64.Build.0 = Debug|x64
		{A581FAB6-3658-4F3D-B5A9-BBEFEFEA7ECF}.Debug|x86.ActiveCfg = Debug|Win32
		{A581FAB6-3658-4F3D-B5A9-BBEFEFEA7ECF}.Debug|x86.Build.0 = Debug|Win32
		{A581FAB6-3658-4F3D-B5A9-BBEFEFEA7ECF}.Release|x64.ActiveCfg = Release|x64
		{A581FAB6-3658-4F3D-B5A9-BBEFEFEA7ECF}.Release|x64.Build.0 = Release|x64
		{A581FAB6-3658-4F3D-B5A9-BBEFEFEA7ECF}.Release|x86.ActiveCfg = Release|Win32
		{A581FAB6-3658-4F3D-B5A9-BBEFEFEA7ECF}.Release|x86.Build.0 = Release|Win32
		{9F671290-F0CD-4DFC-96B7-E81101481EFF}.Debug|x64.ActiveCfg = Debug|x64
		{9F671290-F0CD-4DFC-96B7-E81101481EFF}.Debug|x64.Build.0 = Debug|x64
		{9F671290-F0CD-4DFC-96B7-E81101481EFF}.Debug|x86.ActiveCfg = Debug|Win32
		{9F671290-F0CD-4DFC-96B7-E81101481EFF}.Debug|x86.Build.0 = Debug|Win32
		{9F671290-F0CD-4DFC-96B7-E81101481EFF}.Release|x64.ActiveCfg = Release|x64
		{9F671290-F0CD-4DFC-96B7-E81101481EFF}.Release|x64.Build.0 = Release|x64
		{9F671290-F0CD-4DFC-96B7-E81101481EFF}.Release|x86.ActiveCfg = Release|Win32
		{9F671290-F0CD-4DFC-96B7-E81101481EFF}.Release|x86.Build.0 = Release|Win32
		{7537FF68-894E-4F96-BB42-FF3D4EB42984}.Debug|x64.ActiveCfg = Debug|x64
		{7537FF68-894E-4F96-BB42-FF3D4EB42984}.Debug|x64.Build.0 = Debug|x64
		{7537FF68-894E-4F96-BB42-FF3D4EB42984}.Debug|x86.ActiveCfg = Debug|Win32
		{7537FF68-894E-4F96-BB42-FF3D4EB42984}.Debug|x86.Build.0 = Debug|Win32
		{7537FF68-894E-4F96-BB42-FF3D4EB42984}.Release|x64.ActiveCfg = Release|x64
		{7537FF68-894E-4F96-BB42-FF3D4EB42984}.Release|x64.Build.0 = Release|x64
		{7537FF68-894E-4F96-BB42-FF3D4EB42984}.Release|x86.ActiveCfg = Release|Win32
		{7537FF68-894E-4F96-BB42-FF3D4EB42984}.Release|x86.Build.0 = Release|Win32
		{0DF48DE2-97B2-44FE-AFEE-95E36699DA83}.Debug|x64.ActiveCfg = Debug|x64
		{0DF48DE2-97B2-44FE-AFEE-95E36699DA83}.Debug|x64.Build.0 = Debug|x64
		{0DF48DE2-97B2-44FE-AFEE-95E36699DA83}.Debug|x86.ActiveCfg = Debug|Win32
		{0DF48DE2-97B2-44FE-AFEE-95E36699DA83}.Debug|x86.Build.0 = Debug|Win32
		{0DF48DE2-97B2-44FE-AFEE-95E36699DA83}.Release|x64.ActiveCfg = Release|x64
		{0DF48DE2-97B2-44FE-AFEE-95E36699DA83}.Release|x64.Build.0 = Release|x64
		{0DF48DE2-97B2-44FE-AFEE-95E36699DA83}.Release|x86.ActiveCfg = Release|Win32
		{0DF48DE2-97B2-44FE-AFEE-95E36699DA83}.Release|x86.Build.0 = Release|Win32
		{A4135641-99BF-4FBF-9EF8-C9DD2C2F4841}.Debug|x64.ActiveCfg = Debug|x64
		{A4135641-99BF-4FBF-9EF8-C9DD2C2F4841}.Debug|x64.Build.0 = Debug|x64
		{A4135641-99BF-4FBF-9EF8-C9DD2C2F4841}.Debug|x86.ActiveCfg = Debug|Win32
		{A4135641-99BF-4FBF-9EF8-C9DD2C2F4841}.Debug|x86.Build.0 = Debug|Win32
		{A4135641-99BF-4FBF-9EF8-C9DD2C2F4841}.Release|x64.ActiveCfg = Release|x64
		{A4135641-99BF-4FBF-9EF8-C9DD2C2F4841}.Release|x64.Build.0 = Release|x64
		{A4135641-99BF-4FBF-9EF8-C9DD2C2F4841}.Release|x86.ActiveCfg = Release|Win32
		{A4135641-99BF-4FBF-9EF8-C9DD2C2F4841}.Release|x86.Build.0 = Release|Win32
		{75972227-59F9-4CD9-81AE-E2AA167232E6}.Debug|x64.ActiveCfg = Debug|x64
		{75972227-59F9-4CD9-81AE-E2AA167232E6}.Debug|x64.Build.0 = Debug|x64
		{75972227-59F9-4CD9-81AE-E2AA167232E6}.Debug|x86.ActiveCfg = Debug|Win32
		{75972227-59F9-4CD9-81AE-E2AA167232E6}.Debug|x86.Build.0 = Debug|Win32
		{75972227-59F9-4CD9-81AE-E2AA167232E6}.Release|x64.ActiveCfg = Release|x64
		{75972227-59F9-4CD9-81AE-E2AA167232E6}.Release|x64.Build.0 = Release|x64
		{75972227-59F9-4CD9-81AE-E2AA167232E6}.Release|x86.ActiveCfg = Release|Win32
		{75972227-59F9-4CD9-81AE-E2AA167232E6}.Release|x86.Build.0 = Release|Win32
		{8B0714A0-1D8D-4365-A785-382516510A15}.Debug|x64.ActiveCfg = Debug|x64
		{8B0714A0-1D8D-4365-A785-382516510A15}.Debug|x64.Build.0 = Debug|x64
		{8B0714A0-1D8D-4365-A785-382516510A15}.Debug|x86.ActiveCfg = Debug|Win32
		{8B0714A0-1D8D-4365-A785-382516510A15}.Debug|x86.Build.0 = Debug|Win32
		{8B0714A0-1D8D-4365-A785-382516510A15}.Release|x64.ActiveCfg = Release|x64
		{8B0714A0-1D8D-4365-A785-382516510A15}.Release|x64.Build.0 = Release|x64
		{8B0714A0-1D8D-4365-A785-382516510A15}.Release|x86.ActiveCfg = Release|Win32
		{8B0714A0-1D8D-4365-A785-382516510A15}.Release|x86.Build.0 = Release|Win32
		{798E2201-CA4E-499B-A757-30EFD9A79680}.Debug|x64.ActiveCfg = Debug|x64
		{798E2201-CA4E-499B-A757-30EFD9A79680}.Debug|x64.Build.0 = Debug|x64
		{798E2201-CA4E-499B-A757-30EFD9A79680}.Debug|x86.ActiveCfg = Debug|Win32
		{798E2201-CA4E-499B-A757-30EFD9A79680}.Debug|x86.Build.0 = Debug|Win32
		{798E2201-CA4E-499B-A757-30EFD9A79680}.Release|x64.ActiveCfg = Release|x64
		{798E2201-CA4E-499B-A757-30EFD9A79680}.Release|x64.Build.0 = Release|x64
		{798E2201-CA4E-499B-A757-30EFD9A79680}.Release|x86.ActiveCfg = Release|Win32
		{798E2201-CA4E-499B-A757-30EFD9A79680}.Release|x86.Build.0 = Release|Win32
		{8876EDC7-F592-4B04-8853-423DBC41BCD9}.Debug|x64.ActiveCfg = Debug|x64
		{8876EDC7-F592-4B04-8853-423DBC41BCD9}.Debug|x64.Build.0 = Debug|x64
		{8876EDC7-F592-4B04-8853-423DBC41BCD9}.Debug|x86.ActiveCfg = Debug|Win32
		{8876EDC7-F592-4B04-8853-423DBC41BCD9}.Debug|x86.Build.0 = Debug|Win32
		{8876EDC7-F592-4B04-8853-423DBC41BCD9}.Release|x64.ActiveCfg = Release|x64
		{8876EDC7-F592-4B04-8853-423DBC41BCD9}.Release|x64.Build.0 = Release|x64
		{8876EDC7-F592-4B04-8853-423DBC41BCD9}.Release|x86.ActiveCfg = Release|Win32
		{8876EDC7-F592-4B04-8853-423DBC41BCD9}.Release|x86.Build.0 = Release|Win32
		{20BC0FD4-98D8-4D37-B2DB-415193C9D85D}.Debug|x64.ActiveCfg = Debug|x64
		{20BC0FD4-98D8-4D37-B2DB-415193C9D85D}.Debug|x64.Build.0 = Debug|x64
		{20BC0FD4-98D8-4D37-B2DB-415193C9D85D}.Debug|x86.ActiveCfg = Debug|Win32
		{20BC0FD4-98D8-4D37-B2DB-415193C9D85D}.Debug|x86.Build.0 = Debug|Win32
		{20BC0FD4-98D8-4D37-B2DB-415193C9D85D}.Release|x64.ActiveCfg = Release|x64
		{20BC0FD4-98D8-4D37-B2DB-415193C9D85D}.Release|x64.Build.0 = Release|x64
		{20BC0FD4-98D8-4D37-B2DB-415193C9D85D}.Release|x86.ActiveCfg = Release|Win32
		{20BC0FD4-98D8-4D37-B2DB-415193C9D85D}.Release|x86.Build.0 = Release|Win32
		{C31D4B0C-2203-494D-B583-A24B948DF2F5}.Debug|x64.ActiveCfg = Debug|x64
		{C31D4B0C-2203-494D-B583-A24B948DF2F5}.Debug|x64.Build.0 = Debug|x64
		{C31D4B0C-2203-494D-B583-A24B948DF2F5}.Debug|x86.ActiveCfg = Debug|Win32
		{C31D4B0C-2203-494D-B583-A24B948DF2F5}.Debug|x86.Build.0 = Debug|Win32
		{C31D4B0C-2203-494D-B583-A24B948DF2F5}.Release|x64.ActiveCfg = Release|x64
		{C31D4B0C-2203-494D-B583-A24B948DF2F5}.Release|x64.Build.0 = Release|x64
		{C31D4B0C-2203-494D-B583-A24B948DF2F5}.Release|x86.ActiveCfg = Release|Win32
		{C31D4B0C-2203-494D-B583-A24B948DF2F5}.Release|x86.Build.0 = Release|Win32
		{99F5F37B-ECC2-445F-8E65-2CB19391C559}.Debug|x64.ActiveCfg = Debug|x64
		{99F5F37B-ECC2-445F-8E65-2CB19391C559}.Debug|x64.Build.0 = Debug|x64
		{99F5F37B-ECC2-445F-8E65-2CB19391C559}.Debug|x86.ActiveCfg = Debug|Win32
		{99F5F37B-ECC2-445F-8E65-2CB19391C559}.Debug|x86.Build.0 = Debug|Win32
		{99F5F37B-ECC2-445F-8E65-2CB19391C559}.Release|x64.ActiveCfg = Release|x64
		{99F5F37B-ECC2-445F-8E65-2CB19391C559}.Release|x64.Build.0 = Release|x64
		{99F5F37B-ECC2-445F-8E65-2CB19391C559}.Release|x86.ActiveCfg = Release|Win32
		{99F5F37B-ECC2-445F-8E65-2CB19391C559}.Release|x86.Build.0 = Release|Win32
		{F13A71F1-D9E0-4CF6-A648-C7987BEF3430}.Debug|x64.ActiveCfg = Debug|x64
		{F13A71F1-D9E0-4CF6-A648-C7987BEF3430}.Debug|x64.Build.0 = Debug|x64
		{F13A71F1-D9E0-4CF6-A648-C7987BEF3430}.Debug|x86.ActiveCfg = Debug|Win32
		{F13A71F1-D9E0-4CF6-A648-C7987BEF3430}.Debug|x86.Build.0 = Debug|Win32
		{F13A71F1-D9E0-4CF6-A648-C7987BEF3430}.Release|x64.ActiveCfg = Release|x64
		{F13A71F1-D9E0-4CF6-A648-C7987BEF3430}.Release|x64.Build.0 = Release|x64
		{F13A71F1-D9E0-4CF6-A648-C7987BEF3430}.Release|x86.ActiveCfg = Release|Win32
		{F13A71F1-D9E0-4CF6-A648-C7987BEF3430}.Release|x86.Build.0 = Release|Win32
		{37C849CF-87D4-4C9A-AB16-44C7D96CBFD4}.Debug|x64.ActiveCfg = Debug|x64
		{37C849CF-87D4-4C9A-AB16-44C7D96CBFD4}.Debug|x64.Build.0 = Debug|x64
		{37C849CF-87D4-4C9A-AB16-44C7D96CBFD4}.Debug|x86.ActiveCfg = Debug|Win32
		{37C849CF-87D4-4C9A-AB16-44C7D96CBFD4}.Debug|x86.Build.0 = Debug|Win32
		{37C849CF-87D4-4C9A-AB16-44C7D96CBFD4}.Release|x64.ActiveCfg = Release|x64
		{37C849CF-87D4-4C9A-AB16-44C7D96CBFD4}.Release|x64.Build.0 = Release|x64
		{37C849CF-87D4-4C9A-AB16-44C7D96CBFD4}.Release|x86.ActiveCfg = Release|Win32
		{37C849CF-87D4-4C9A-AB16-44C7D96CBFD4}.Release|x86.Build.0 = Release|Win32
		{4A5A5940-3A9A-48F6-9FEB-45B643D52926}.Debug|x64.ActiveCfg = Debug|x64
		{4A5A5940-3A9A-48F6-9FEB-45B643D52926}.Debug|x64.Build.0 = Debug|x64
		{4A5A5940-3A9A-48F6-9FEB-45B643D52926}.Debug|x86.ActiveCfg = Debug|Win32
		{4A5A5940-3A9A-48F6-9FEB-45B643D52926}.Debug|x86.Build.0 = Debug|Win32
		{4A5A5940-3A9A-48F6-9FEB-45B643D52926}.Release|x64.ActiveCfg = Release|x64
		{4A5A5940-3A9A-48F6-9FEB-45B643D52926}.Release|x64.Build.0 = Release|x64
		{4A5A5940-3A9A-48F6-9FEB-45B643D52926}.Release|x86.ActiveCfg = Release|Win32
		{4A5A5940-3A9A-48F6-9FEB-45B643D52926}.Release|x86.Build.0 = Release|Win32
		{C1533EA3-38AC-47D3-B5CD-525D00D35161}.Debug|x64.ActiveCfg = Debug|x64
		{C1533EA3-38AC-47D3-B5CD-525D00D35161}.Debug|x64.Build.0 = Debug|x64
		{C1533EA3-38AC-47D3-B5CD-525D00D35161}.Debug|x86.ActiveCfg = Debug|Win32
		{C1533EA3-38AC-47D3-B5CD-525D00D35161}.Debug|x86.Build.0 = Debug|Win32
		{C1533EA3-38AC-47D3-B5CD-525D00D35161}.Release|x64.ActiveCfg = Release|x64
		{C1533EA3-38AC-47D3-B5CD-525D00D35161}.Release|x64.Build.0 = Release|x64
		{C1533EA3-38AC-47D3-B5CD-525D00D35161}.Release|x86.ActiveCfg = Release|Win32
		{C1533EA3-38AC-47D3-B5CD-525D00D35161}.Release|x86.Build.0 = Release|Win32
		{085F4B22-4430-480A-AB1C-D4B29F111EC5}.Debug|x64.ActiveCfg = Debug|x64
		{085F4B22-4430-480A-AB1C-D4B29F111EC5}.Debug|x64.Build.0 = Debug|x64
		{085F4B22-4430-480A-AB1C-D4B29F111EC5}.Debug|x86.ActiveCfg = Debug|Win32
		{085F4B22-4430-480A-AB1C-D4B29F111EC5}.Debug|x86.Build.0 = Debug|Win32
		{085F4B22-4430-480A-AB1C-D4B29F111EC5}.Release|x64.ActiveCfg = Release|x64
		{085F4B22-4430-480A-AB1C-D4B29F111EC5}.Release|x64.Build.0 = Release|x64
		{085F4B22-4430-480A-AB1C-D4B29F111EC5}.Release|x86.ActiveCfg = Release|Win32
		{085F4B22-4430-480A-AB1C-D4B29F111EC5}.Release|x86.Build.0 = Release|Win32
		{B4BFC210-7E71-4A88-B128-FAEB836BC80E}.Debug|x64.ActiveCfg = Debug|x64
		{B4BFC210-7E71-4A88-B128-FAEB836BC80E}.Debug|x64.Build.0 = Debug|x64
		{B4BFC210-7E71-4A88-B128-FAEB836BC80E}.Debug|x86.ActiveCfg = Debug|Win32
		{B4BFC210-7E71-4A88-B128-FAEB836BC80E}.Debug|x86.Build.0 = Debug|Win32
		{B4BFC210-7E71-4A88-B128-FAEB836BC80E}.Release|x64.ActiveCfg = Release|x64
		{B4BFC210-7E71-4A88-B128-FAEB836BC80E}.Release|x64.Build.0 = Release|x64
		{B4BFC210-7E71-4A88-B128-FAEB836BC80E}.Release|x86.ActiveCfg = Release|Win32
		{B4BFC210-7E71-4A88-B128-FAEB836BC80E}.Release|x86.Build.0 = Release|Win32
		{035760AE-129E-42C2-99BA-C7A533E06907}.Debug|x64.ActiveCfg = Debug|x64
		{035760AE-129E-42C2-99BA-C7A533E06907}.Debug|x64.Build.0 = Debug|x64
		{035760AE-129E-42C2-99BA-C7A533E06907}.Debug|x86.ActiveCfg = Debug|Win32
		{035760AE-129E-42C2-99BA-C7A533E06907}.Debug|x86.Build.0 = Debug|Win32
		{035760AE-129E-42C2-99BA-C7A533E06907}.Release|x64.ActiveCfg = Release|x64
		{035760AE-129E-42C2-99BA-C7A533E06907}.Release|x64.Build.0 = Release|x64
		{035760AE-129E-42C2-99BA-C7A533E06907}.Release|x86.ActiveCfg = Release|Win32
		{035760AE-129E-42C2-99BA-C7A533E06907}.Release|x86.Build.0 = Release|Win32
		{F388379E-DEF2-459C-96E8-C76E166CB5FF}.Debug|x64.ActiveCfg = Debug|x64
		{F388379E-DEF2-459C-96E8-C76E166CB5FF}.Debug|x64.Build.0 = Debug|x64
		{F388379E-DEF2-459C-96E8-C76E166CB5FF}.Debug|x86.ActiveCfg = Debug|Win32
		{F388379E-DEF2-459C-96E8-C76E166CB5FF}.Debug|x86.Build.0 = Debug|Win32
		{F388379E-DEF2-459C-96E8-C76E166CB5FF}.Release|x64.ActiveCfg = Release|x64
		{F388379E-DEF2-459C-96E8-C76E166CB5FF}.Release|x64.Build.0 = Release|x64
		{F388379E-DEF2-459C-96E8-C76E166CB5FF}.Release|x86.ActiveCfg = Release|Win32
		{F388379E-DEF2-459C-96E8-C76E166CB5FF}.Release|x86.Build.0 = Release|Win32
		{74AC25C4-7DF2-4D54-B3AC-B878A86E1ED4}.Debug|x64.ActiveCfg = Debug|x64
		{74AC25C4-7DF2-4D54-B3AC-B878A86E1ED4}.Debug|x64.Build.0 = Debug|x64
		{74AC25C4-7DF2-4D54-B3AC-B878A86E1ED4}.Debug|x86.ActiveCfg = Debug|Win32
		{74AC25C4-7DF2-4D54-B3AC-B878A86E1ED4}.Debug|x86.Build.0 = Debug|Win32
		{74AC25C4-7DF2-4D54-B3AC-B878A86E1ED4}.Release|x64.ActiveCfg = Release|x64
		{74AC25C4-7DF2-4D54-B3AC-B878A86E1ED4}.Release|x64.Build.0 = Release|x64
		{74AC25C4-7DF2-4D54-B3AC-B878A86E1ED4}.Release|x86.ActiveCfg = Release|Win32
		{74AC25C4-7DF2-4D54-B3AC-B878A86E1ED4}.Release|x86.Build.0 = Release|Win32
	EndGlobalSection
	GlobalSection(SolutionProperties) = preSolution
		HideSolutionNode = FALSE
	EndGlobalSection
	GlobalSection(NestedProjects) = preSolution
		{CC7A853F-960E-42D1-944F-D65F3EEBB71C} = {26EC955C-8EED-4B4E-A82B-E8E922B31DAF}
		{8571D7D9-AC60-4BA7-AFB6-ED167E57A905} = {26EC955C-8EED-4B4E-A82B-E8E922B31DAF}
		{6769D68A-7530-4C76-A099-BBFD62F1223B} = {26EC955C-8EED-4B4E-A82B-E8E922B31DAF}
		{A581FAB6-3658-4F3D-B5A9-BBEFEFEA7ECF} = {26EC955C-8EED-4B4E-A82B-E8E922B31DAF}
		{9F671290-F0CD-4DFC-96B7-E81101481EFF} = {26EC955C-8EED-4B4E-A82B-E8E922B31DAF}
		{7537FF68-894E-4F96-BB42-FF3D4EB42984} = {26EC955C-8EED-4B4E-A82B-E8E922B31DAF}
		{0DF48DE2-97B2-44FE-AFEE-95E36699DA83} = {26EC955C-8EED-4B4E-A82B-E8E922B31DAF}
		{A4135641-99BF-4FBF-9EF8-C9DD2C2F4841} = {26EC955C-8EED-4B4E-A82B-E8E922B31DAF}
		{75972227-59F9-4CD9-81AE-E2AA167232E6} = {26EC955C-8EED-4B4E-A82B-E8E922B31DAF}
		{8B0714A0-1D8D-4365-A785-382516510A15} = {26EC955C-8EED-4B4E-A82B-E8E922B31DAF}
		{798E2201-CA4E-499B-A757-30EFD9A79680} = {26EC955C-8EED-4B4E-A82B-E8E922B31DAF}
		{8876EDC7-F592-4B04-8853-423DBC41BCD9} = {26EC955C-8EED-4B4E-A82B-E8E922B31DAF}
		{20BC0FD4-98D8-4D37-B2DB-415193C9D85D} = {26EC955C-8EED-4B4E-A82B-E8E922B31DAF}
		{C31D4B0C-2203-494D-B583-A24B948DF2F5} = {26EC955C-8EED-4B4E-A82B-E8E922B31DAF}
		{99F5F37B-ECC2-445F-8E65-2CB19391C559} = {26EC955C-8EED-4B4E-A82B-E8E922B31DAF}
		{F13A71F1-D9E0-4CF6-A648-C7987BEF3430} = {26EC955C-8EED-4B4E-A82B-E8E922B31DAF}
		{37C849CF-87D4-4C9A-AB16-44C7D96CBFD4} = {26EC955C-8EED-4B4E-A82B-E8E922B31DAF}
		{4A5A5940-3A9A-48F6-9FEB-45B643D52926} = {26EC955C-8EED-4B4E-A82B-E8E922B31DAF}
		{085F4B22-4430-480A-AB1C-D4B29F111EC5} = {B2DBCADC-A51B-4A00-A8AA-68071882A9F3}
		{B4BFC210-7E71-4A88-B128-FAEB836BC80E} = {B2DBCADC-A51B-4A00-A8AA-68071882A9F3}
		{035760AE-129E-42C2-99BA-C7A533E06907} = {21F88D65-9116-4A74-B820-AE7E8EB858BD}
		{F388379E-DEF2-459C-96E8-C76E166CB5FF} = {26EC955C-8EED-4B4E-A82B-E8E922B31DAF}
		{74AC25C4-7DF2-4D54-B3AC-B878A86E1ED4} = {21F88D65-9116-4A74-B820-AE7E8EB858BD}
	EndGlobalSection
	GlobalSection(ExtensibilityGlobals) = postSolution
		SolutionGuid = {C45ED5B8-3AC4-4A17-8B0F-220ECEF8F408}
	EndGlobalSection
EndGlobal
